
Microsoft Visual Studio Solution File, Format Version 12.00
# Visual Studio Version 17
VisualStudioVersion = 17.11.35208.52
MinimumVisualStudioVersion = 10.0.40219.1
Project("{FAE04EC0-301F-11D3-BF4B-00C04F79EFBC}") = "SalesInventory", "SalesInventory.csproj", "{EE02ED6F-4068-4993-ACD1-A540DC20113F}"
EndProject
Project("{FAE04EC0-301F-11D3-BF4B-00C04F79EFBC}") = "DataAccessLayer", "..\DataAccessLayer\DataAccessLayer.csproj", "{8412486C-EE2D-43E4-B221-FB2CC59F9CC4}"
EndProject
Project("{FAE04EC0-301F-11D3-BF4B-00C04F79EFBC}") = "LogicLayer", "..\LogicLayer\LogicLayer.csproj", "{CE7408A5-B012-42DC-9DAB-CDBA4E16B908}"
EndProject
Global
	GlobalSection(SolutionConfigurationPlatforms) = preSolution
		Debug|Any CPU = Debug|Any CPU
		Release|Any CPU = Release|Any CPU
	EndGlobalSection
	GlobalSection(ProjectConfigurationPlatforms) = postSolution
		{EE02ED6F-4068-4993-ACD1-A540DC20113F}.Debug|Any CPU.ActiveCfg = Debug|Any CPU
		{EE02ED6F-4068-4993-ACD1-A540DC20113F}.Debug|Any CPU.Build.0 = Debug|Any CPU
		{EE02ED6F-4068-4993-ACD1-A540DC20113F}.Release|Any CPU.ActiveCfg = Release|Any CPU
		{EE02ED6F-4068-4993-ACD1-A540DC20113F}.Release|Any CPU.Build.0 = Release|Any CPU
		{8412486C-EE2D-43E4-B221-FB2CC59F9CC4}.Debug|Any CPU.ActiveCfg = Debug|Any CPU
		{8412486C-EE2D-43E4-B221-FB2CC59F9CC4}.Debug|Any CPU.Build.0 = Debug|Any CPU
		{8412486C-EE2D-43E4-B221-FB2CC59F9CC4}.Release|Any CPU.ActiveCfg = Release|Any CPU
		{8412486C-EE2D-43E4-B221-FB2CC59F9CC4}.Release|Any CPU.Build.0 = Release|Any CPU
		{CE7408A5-B012-42DC-9DAB-CDBA4E16B908}.Debug|Any CPU.ActiveCfg = Debug|Any CPU
		{CE7408A5-B012-42DC-9DAB-CDBA4E16B908}.Debug|Any CPU.Build.0 = Debug|Any CPU
		{CE7408A5-B012-42DC-9DAB-CDBA4E16B908}.Release|Any CPU.ActiveCfg = Release|Any CPU
		{CE7408A5-B012-42DC-9DAB-CDBA4E16B908}.Release|Any CPU.Build.0 = Release|Any CPU
	EndGlobalSection
	GlobalSection(SolutionProperties) = preSolution
		HideSolutionNode = FALSE
	EndGlobalSection
	GlobalSection(ExtensibilityGlobals) = postSolution
		SolutionGuid = {C38AC4EE-8936-45B8-8387-039E126AD7F2}
	EndGlobalSection
EndGlobal
